
Microsoft Visual Studio Solution File, Format Version 12.00
# Visual Studio Version 17
VisualStudioVersion = 17.0.31903.59
MinimumVisualStudioVersion = 10.0.40219.1
Project("{FAE04EC0-301F-11D3-BF4B-00C04F79EFBC}") = "KriegBot.Crux", "KriegBot.Crux\KriegBot.Crux.csproj", "{36AB9EA1-454C-419B-A8B3-E1BD98C5E029}"
EndProject
Project("{FAE04EC0-301F-11D3-BF4B-00C04F79EFBC}") = "KriegBot.ModuleDefinition", "KriegBot.ModuleDefinition\KriegBot.ModuleDefinition.csproj", "{0E8AF98C-F897-4F15-A11D-34E7FD6CD41F}"
EndProject
Project("{FAE04EC0-301F-11D3-BF4B-00C04F79EFBC}") = "KriegBot.Common", "KriegBot.Common\KriegBot.Common.csproj", "{32F28CBE-9C68-442B-8D0F-C9CA1834F5B5}"
EndProject
Project("{FAE04EC0-301F-11D3-BF4B-00C04F79EFBC}") = "KriegBot.Data", "KriegBot.Data\KriegBot.Data.csproj", "{207F56E7-0839-4A00-9942-974719AC89EE}"
EndProject
Project("{2150E333-8FDC-42A3-9474-1A3956D46DE8}") = "Modules", "Modules", "{037D32D8-08B5-462E-BA57-7E51CFF3A895}"
EndProject
Project("{FAE04EC0-301F-11D3-BF4B-00C04F79EFBC}") = "KriegBot.API", "KriegBot.API\KriegBot.API.csproj", "{05DFE8E8-8C64-469B-B364-FE9D20E4C77D}"
EndProject
Project("{2150E333-8FDC-42A3-9474-1A3956D46DE8}") = "DevFlow", "DevFlow", "{FB1A4B28-07D1-4614-8825-771AD0E48176}"
EndProject
Project("{FAE04EC0-301F-11D3-BF4B-00C04F79EFBC}") = "Module.DevFlow", "Modules\DevFlow\Module.DevFlow\Module.DevFlow.csproj", "{77E32E6E-C422-45A6-91B0-0DA6FBFD2C59}"
EndProject
Project("{FAE04EC0-301F-11D3-BF4B-00C04F79EFBC}") = "Module.DevFlow.Data", "Modules\DevFlow\Module.DevFlow.Data\Module.DevFlow.Data.csproj", "{9373FE2D-6770-45C8-B2BD-1190CDA7F445}"
EndProject
Global
	GlobalSection(SolutionConfigurationPlatforms) = preSolution
		Debug|Any CPU = Debug|Any CPU
		Release|Any CPU = Release|Any CPU
	EndGlobalSection
	GlobalSection(SolutionProperties) = preSolution
		HideSolutionNode = FALSE
	EndGlobalSection
	GlobalSection(ProjectConfigurationPlatforms) = postSolution
		{36AB9EA1-454C-419B-A8B3-E1BD98C5E029}.Debug|Any CPU.ActiveCfg = Debug|Any CPU
		{36AB9EA1-454C-419B-A8B3-E1BD98C5E029}.Debug|Any CPU.Build.0 = Debug|Any CPU
		{36AB9EA1-454C-419B-A8B3-E1BD98C5E029}.Release|Any CPU.ActiveCfg = Release|Any CPU
		{36AB9EA1-454C-419B-A8B3-E1BD98C5E029}.Release|Any CPU.Build.0 = Release|Any CPU
		{0E8AF98C-F897-4F15-A11D-34E7FD6CD41F}.Debug|Any CPU.ActiveCfg = Debug|Any CPU
		{0E8AF98C-F897-4F15-A11D-34E7FD6CD41F}.Debug|Any CPU.Build.0 = Debug|Any CPU
		{0E8AF98C-F897-4F15-A11D-34E7FD6CD41F}.Release|Any CPU.ActiveCfg = Release|Any CPU
		{0E8AF98C-F897-4F15-A11D-34E7FD6CD41F}.Release|Any CPU.Build.0 = Release|Any CPU
		{32F28CBE-9C68-442B-8D0F-C9CA1834F5B5}.Debug|Any CPU.ActiveCfg = Debug|Any CPU
		{32F28CBE-9C68-442B-8D0F-C9CA1834F5B5}.Debug|Any CPU.Build.0 = Debug|Any CPU
		{32F28CBE-9C68-442B-8D0F-C9CA1834F5B5}.Release|Any CPU.ActiveCfg = Release|Any CPU
		{32F28CBE-9C68-442B-8D0F-C9CA1834F5B5}.Release|Any CPU.Build.0 = Release|Any CPU
		{207F56E7-0839-4A00-9942-974719AC89EE}.Debug|Any CPU.ActiveCfg = Debug|Any CPU
		{207F56E7-0839-4A00-9942-974719AC89EE}.Debug|Any CPU.Build.0 = Debug|Any CPU
		{207F56E7-0839-4A00-9942-974719AC89EE}.Release|Any CPU.ActiveCfg = Release|Any CPU
		{207F56E7-0839-4A00-9942-974719AC89EE}.Release|Any CPU.Build.0 = Release|Any CPU
		{05DFE8E8-8C64-469B-B364-FE9D20E4C77D}.Debug|Any CPU.ActiveCfg = Debug|Any CPU
		{05DFE8E8-8C64-469B-B364-FE9D20E4C77D}.Debug|Any CPU.Build.0 = Debug|Any CPU
		{05DFE8E8-8C64-469B-B364-FE9D20E4C77D}.Release|Any CPU.ActiveCfg = Release|Any CPU
		{05DFE8E8-8C64-469B-B364-FE9D20E4C77D}.Release|Any CPU.Build.0 = Release|Any CPU
		{77E32E6E-C422-45A6-91B0-0DA6FBFD2C59}.Debug|Any CPU.ActiveCfg = Debug|Any CPU
		{77E32E6E-C422-45A6-91B0-0DA6FBFD2C59}.Debug|Any CPU.Build.0 = Debug|Any CPU
		{77E32E6E-C422-45A6-91B0-0DA6FBFD2C59}.Release|Any CPU.ActiveCfg = Release|Any CPU
		{77E32E6E-C422-45A6-91B0-0DA6FBFD2C59}.Release|Any CPU.Build.0 = Release|Any CPU
		{9373FE2D-6770-45C8-B2BD-1190CDA7F445}.Debug|Any CPU.ActiveCfg = Debug|Any CPU
		{9373FE2D-6770-45C8-B2BD-1190CDA7F445}.Debug|Any CPU.Build.0 = Debug|Any CPU
		{9373FE2D-6770-45C8-B2BD-1190CDA7F445}.Release|Any CPU.ActiveCfg = Release|Any CPU
		{9373FE2D-6770-45C8-B2BD-1190CDA7F445}.Release|Any CPU.Build.0 = Release|Any CPU
	EndGlobalSection
	GlobalSection(NestedProjects) = preSolution
		{FB1A4B28-07D1-4614-8825-771AD0E48176} = {037D32D8-08B5-462E-BA57-7E51CFF3A895}
		{77E32E6E-C422-45A6-91B0-0DA6FBFD2C59} = {FB1A4B28-07D1-4614-8825-771AD0E48176}
		{9373FE2D-6770-45C8-B2BD-1190CDA7F445} = {FB1A4B28-07D1-4614-8825-771AD0E48176}
	EndGlobalSection
EndGlobal
